
Microsoft Visual Studio Solution File, Format Version 12.00
# Visual Studio 2017
Project("{FAE04EC0-301F-11D3-BF4B-00C04F79EFBC}") = "1 - Setting up the project", "1 - Setting up the project.csproj", "{FC98C871-BC68-DD0B-067F-4F74E3690E28}"
EndProject
Project("{FAE04EC0-301F-11D3-BF4B-00C04F79EFBC}") = "1 - Setting up the project.Editor", "1 - Setting up the project.Editor.csproj", "{F16164C9-E7BB-4A22-1295-8281AE2CBFB7}"
EndProject
Global
	GlobalSection(SolutionConfigurationPlatforms) = preSolution
		Debug|Any CPU = Debug|Any CPU
		Release|Any CPU = Release|Any CPU
	EndGlobalSection
	GlobalSection(ProjectConfigurationPlatforms) = postSolution
		{FC98C871-BC68-DD0B-067F-4F74E3690E28}.Debug|Any CPU.ActiveCfg = Debug|Any CPU
		{FC98C871-BC68-DD0B-067F-4F74E3690E28}.Debug|Any CPU.Build.0 = Debug|Any CPU
		{FC98C871-BC68-DD0B-067F-4F74E3690E28}.Release|Any CPU.ActiveCfg = Release|Any CPU
		{FC98C871-BC68-DD0B-067F-4F74E3690E28}.Release|Any CPU.Build.0 = Release|Any CPU
		{F16164C9-E7BB-4A22-1295-8281AE2CBFB7}.Debug|Any CPU.ActiveCfg = Debug|Any CPU
		{F16164C9-E7BB-4A22-1295-8281AE2CBFB7}.Debug|Any CPU.Build.0 = Debug|Any CPU
		{F16164C9-E7BB-4A22-1295-8281AE2CBFB7}.Release|Any CPU.ActiveCfg = Release|Any CPU
		{F16164C9-E7BB-4A22-1295-8281AE2CBFB7}.Release|Any CPU.Build.0 = Release|Any CPU
	EndGlobalSection
	GlobalSection(SolutionProperties) = preSolution
		HideSolutionNode = FALSE
	EndGlobalSection
EndGlobal
